
Microsoft Visual Studio Solution File, Format Version 12.00
# Visual Studio Version 17
VisualStudioVersion = 17.9.34902.65
MinimumVisualStudioVersion = 10.0.40219.1
Project("{FAE04EC0-301F-11D3-BF4B-00C04F79EFBC}") = "Math-quiz", "Math-quiz\Math-quiz.csproj", "{FC1D2911-D8E5-4350-80A2-ED9162C46D1E}"
EndProject
Global
	GlobalSection(SolutionConfigurationPlatforms) = preSolution
		Debug|Any CPU = Debug|Any CPU
		Release|Any CPU = Release|Any CPU
	EndGlobalSection
	GlobalSection(ProjectConfigurationPlatforms) = postSolution
		{FC1D2911-D8E5-4350-80A2-ED9162C46D1E}.Debug|Any CPU.ActiveCfg = Release|Any CPU
		{FC1D2911-D8E5-4350-80A2-ED9162C46D1E}.Debug|Any CPU.Build.0 = Release|Any CPU
		{FC1D2911-D8E5-4350-80A2-ED9162C46D1E}.Release|Any CPU.ActiveCfg = Release|Any CPU
		{FC1D2911-D8E5-4350-80A2-ED9162C46D1E}.Release|Any CPU.Build.0 = Release|Any CPU
	EndGlobalSection
	GlobalSection(SolutionProperties) = preSolution
		HideSolutionNode = FALSE
	EndGlobalSection
	GlobalSection(ExtensibilityGlobals) = postSolution
		SolutionGuid = {AACEC443-3AD6-4CB3-A653-AAC1CE2A57DB}
	EndGlobalSection
EndGlobal
